// !$*UTF8*$!
{
	archiveVersion = 1;
	classes = {
	};
	objectVersion = 56;
	objects = {

/* Begin PBXBuildFile section */
		FE9D00002BAA088C00220BD3 /* FindWeatherController.swift in Sources */ = {isa = PBXBuildFile; fileRef = FE9DFFFF2BAA088C00220BD3 /* FindWeatherController.swift */; };
		FE9D00172BAA0FA700220BD3 /* Main.storyboard in Resources */ = {isa = PBXBuildFile; fileRef = FE9D00162BAA0FA700220BD3 /* Main.storyboard */; };
		FE9D00192BAA0FB100220BD3 /* LaunchScreen.storyboard in Resources */ = {isa = PBXBuildFile; fileRef = FE9D00182BAA0FB100220BD3 /* LaunchScreen.storyboard */; };
		FE9D001B2BAA24A100220BD3 /* CurrentWeatherView.swift in Sources */ = {isa = PBXBuildFile; fileRef = FE9D001A2BAA24A100220BD3 /* CurrentWeatherView.swift */; };
		FE9D001D2BAA260400220BD3 /* blue-thermometer-and-cold-16548.svg in Resources */ = {isa = PBXBuildFile; fileRef = FE9D001C2BAA260400220BD3 /* blue-thermometer-and-cold-16548.svg */; };
		FE9D001F2BAA264700220BD3 /* blue-wind-16544.svg in Resources */ = {isa = PBXBuildFile; fileRef = FE9D001E2BAA264700220BD3 /* blue-wind-16544.svg */; };
		FE9D00212BAA26C200220BD3 /* cloud_outline_24.svg in Resources */ = {isa = PBXBuildFile; fileRef = FE9D00202BAA26C200220BD3 /* cloud_outline_24.svg */; };
		FE9DFFEA2BA9FF4500220BD3 /* AppDelegate.swift in Sources */ = {isa = PBXBuildFile; fileRef = FE9DFFE92BA9FF4500220BD3 /* AppDelegate.swift */; };
		FE9DFFEC2BA9FF4500220BD3 /* SceneDelegate.swift in Sources */ = {isa = PBXBuildFile; fileRef = FE9DFFEB2BA9FF4500220BD3 /* SceneDelegate.swift */; };
		FE9DFFEE2BA9FF4500220BD3 /* WeatherAtUsersLocationController.swift in Sources */ = {isa = PBXBuildFile; fileRef = FE9DFFED2BA9FF4500220BD3 /* WeatherAtUsersLocationController.swift */; };
		FE9DFFF32BA9FF4600220BD3 /* Assets.xcassets in Resources */ = {isa = PBXBuildFile; fileRef = FE9DFFF22BA9FF4600220BD3 /* Assets.xcassets */; };
		FE9DFFFE2BAA039500220BD3 /* TabBarController.swift in Sources */ = {isa = PBXBuildFile; fileRef = FE9DFFFD2BAA039500220BD3 /* TabBarController.swift */; };
/* End PBXBuildFile section */

/* Begin PBXFileReference section */
		FE9D00102BAA0BF500220BD3 /* water_drop_outline_28.png */ = {isa = PBXFileReference; lastKnownFileType = image.png; path = water_drop_outline_28.png; sourceTree = "<group>"; };
		FE9D00112BAA0BF500220BD3 /* location_outline_28.svg */ = {isa = PBXFileReference; lastKnownFileType = text; path = location_outline_28.svg; sourceTree = "<group>"; };
		FE9D00122BAA0BF500220BD3 /* search_28.svg */ = {isa = PBXFileReference; lastKnownFileType = text; path = search_28.svg; sourceTree = "<group>"; };
		FE9D00132BAA0BF500220BD3 /* location_map_outline_28.svg */ = {isa = PBXFileReference; lastKnownFileType = text; path = location_map_outline_28.svg; sourceTree = "<group>"; };
		FE9D00142BAA0BF500220BD3 /* location_outline_20.svg */ = {isa = PBXFileReference; lastKnownFileType = text; path = location_outline_20.svg; sourceTree = "<group>"; };
		FE9D00152BAA0BF500220BD3 /* water_drop_outline_28.svg */ = {isa = PBXFileReference; lastKnownFileType = text; path = water_drop_outline_28.svg; sourceTree = "<group>"; };
		FE9D00162BAA0FA700220BD3 /* Main.storyboard */ = {isa = PBXFileReference; fileEncoding = 4; lastKnownFileType = file.storyboard; name = Main.storyboard; path = ../../../../../.Trash/Main.storyboard; sourceTree = "<group>"; };
		FE9D00182BAA0FB100220BD3 /* LaunchScreen.storyboard */ = {isa = PBXFileReference; fileEncoding = 4; lastKnownFileType = file.storyboard; name = LaunchScreen.storyboard; path = ../../../../../.Trash/LaunchScreen.storyboard; sourceTree = "<group>"; };
		FE9D001A2BAA24A100220BD3 /* CurrentWeatherView.swift */ = {isa = PBXFileReference; lastKnownFileType = sourcecode.swift; path = CurrentWeatherView.swift; sourceTree = "<group>"; };
		FE9D001C2BAA260400220BD3 /* blue-thermometer-and-cold-16548.svg */ = {isa = PBXFileReference; fileEncoding = 4; lastKnownFileType = text; name = "blue-thermometer-and-cold-16548.svg"; path = "../../../../../../Downloads/blue-thermometer-and-cold-16548.svg"; sourceTree = "<group>"; };
		FE9D001E2BAA264700220BD3 /* blue-wind-16544.svg */ = {isa = PBXFileReference; fileEncoding = 4; lastKnownFileType = text; name = "blue-wind-16544.svg"; path = "../../../../../../Downloads/blue-wind-16544.svg"; sourceTree = "<group>"; };
		FE9D00202BAA26C200220BD3 /* cloud_outline_24.svg */ = {isa = PBXFileReference; fileEncoding = 4; lastKnownFileType = text; name = cloud_outline_24.svg; path = ../../../../../../Downloads/cloud_outline_24.svg; sourceTree = "<group>"; };
		FE9DFFE62BA9FF4500220BD3 /* VkTestMarket2024.app */ = {isa = PBXFileReference; explicitFileType = wrapper.application; includeInIndex = 0; path = VkTestMarket2024.app; sourceTree = BUILT_PRODUCTS_DIR; };
		FE9DFFE92BA9FF4500220BD3 /* AppDelegate.swift */ = {isa = PBXFileReference; lastKnownFileType = sourcecode.swift; path = AppDelegate.swift; sourceTree = "<group>"; };
		FE9DFFEB2BA9FF4500220BD3 /* SceneDelegate.swift */ = {isa = PBXFileReference; lastKnownFileType = sourcecode.swift; path = SceneDelegate.swift; sourceTree = "<group>"; };
		FE9DFFED2BA9FF4500220BD3 /* WeatherAtUsersLocationController.swift */ = {isa = PBXFileReference; lastKnownFileType = sourcecode.swift; path = WeatherAtUsersLocationController.swift; sourceTree = "<group>"; };
		FE9DFFF22BA9FF4600220BD3 /* Assets.xcassets */ = {isa = PBXFileReference; lastKnownFileType = folder.assetcatalog; path = Assets.xcassets; sourceTree = "<group>"; };
		FE9DFFF72BA9FF4600220BD3 /* Info.plist */ = {isa = PBXFileReference; lastKnownFileType = text.plist.xml; path = Info.plist; sourceTree = "<group>"; };
		FE9DFFFD2BAA039500220BD3 /* TabBarController.swift */ = {isa = PBXFileReference; lastKnownFileType = sourcecode.swift; path = TabBarController.swift; sourceTree = "<group>"; };
		FE9DFFFF2BAA088C00220BD3 /* FindWeatherController.swift */ = {isa = PBXFileReference; lastKnownFileType = sourcecode.swift; path = FindWeatherController.swift; sourceTree = "<group>"; };
/* End PBXFileReference section */

/* Begin PBXFrameworksBuildPhase section */
		FE9DFFE32BA9FF4500220BD3 /* Frameworks */ = {
			isa = PBXFrameworksBuildPhase;
			buildActionMask = 2147483647;
			files = (
			);
			runOnlyForDeploymentPostprocessing = 0;
		};
/* End PBXFrameworksBuildPhase section */

/* Begin PBXGroup section */
		FE9D000F2BAA0BEB00220BD3 /* Images */ = {
			isa = PBXGroup;
			children = (
				FE9D00202BAA26C200220BD3 /* cloud_outline_24.svg */,
				FE9D001E2BAA264700220BD3 /* blue-wind-16544.svg */,
				FE9D001C2BAA260400220BD3 /* blue-thermometer-and-cold-16548.svg */,
				FE9D00102BAA0BF500220BD3 /* water_drop_outline_28.png */,
				FE9D00142BAA0BF500220BD3 /* location_outline_20.svg */,
				FE9D00152BAA0BF500220BD3 /* water_drop_outline_28.svg */,
				FE9D00122BAA0BF500220BD3 /* search_28.svg */,
				FE9D00132BAA0BF500220BD3 /* location_map_outline_28.svg */,
				FE9D00112BAA0BF500220BD3 /* location_outline_28.svg */,
			);
			path = Images;
			sourceTree = "<group>";
		};
		FE9DFFDD2BA9FF4500220BD3 = {
			isa = PBXGroup;
			children = (
				FE9DFFE82BA9FF4500220BD3 /* VkTestMarket2024 */,
				FE9DFFE72BA9FF4500220BD3 /* Products */,
			);
			sourceTree = "<group>";
		};
		FE9DFFE72BA9FF4500220BD3 /* Products */ = {
			isa = PBXGroup;
			children = (
				FE9DFFE62BA9FF4500220BD3 /* VkTestMarket2024.app */,
			);
			name = Products;
			sourceTree = "<group>";
		};
		FE9DFFE82BA9FF4500220BD3 /* VkTestMarket2024 */ = {
			isa = PBXGroup;
			children = (
				FE9DFFE92BA9FF4500220BD3 /* AppDelegate.swift */,
				FE9DFFEB2BA9FF4500220BD3 /* SceneDelegate.swift */,
				FE9DFFED2BA9FF4500220BD3 /* WeatherAtUsersLocationController.swift */,
				FE9DFFF22BA9FF4600220BD3 /* Assets.xcassets */,
				FE9DFFF72BA9FF4600220BD3 /* Info.plist */,
				FE9DFFFD2BAA039500220BD3 /* TabBarController.swift */,
				FE9D000F2BAA0BEB00220BD3 /* Images */,
				FE9DFFFF2BAA088C00220BD3 /* FindWeatherController.swift */,
				FE9D00162BAA0FA700220BD3 /* Main.storyboard */,
				FE9D00182BAA0FB100220BD3 /* LaunchScreen.storyboard */,
				FE9D001A2BAA24A100220BD3 /* CurrentWeatherView.swift */,
			);
			path = VkTestMarket2024;
			sourceTree = "<group>";
		};
/* End PBXGroup section */

/* Begin PBXNativeTarget section */
		FE9DFFE52BA9FF4500220BD3 /* VkTestMarket2024 */ = {
			isa = PBXNativeTarget;
			buildConfigurationList = FE9DFFFA2BA9FF4600220BD3 /* Build configuration list for PBXNativeTarget "VkTestMarket2024" */;
			buildPhases = (
				FE9DFFE22BA9FF4500220BD3 /* Sources */,
				FE9DFFE32BA9FF4500220BD3 /* Frameworks */,
				FE9DFFE42BA9FF4500220BD3 /* Resources */,
			);
			buildRules = (
			);
			dependencies = (
			);
			name = VkTestMarket2024;
			productName = VkTestMarket2024;
			productReference = FE9DFFE62BA9FF4500220BD3 /* VkTestMarket2024.app */;
			productType = "com.apple.product-type.application";
		};
/* End PBXNativeTarget section */

/* Begin PBXProject section */
		FE9DFFDE2BA9FF4500220BD3 /* Project object */ = {
			isa = PBXProject;
			attributes = {
				BuildIndependentTargetsInParallel = 1;
				LastSwiftUpdateCheck = 1530;
				LastUpgradeCheck = 1530;
				TargetAttributes = {
					FE9DFFE52BA9FF4500220BD3 = {
						CreatedOnToolsVersion = 15.3;
					};
				};
			};
			buildConfigurationList = FE9DFFE12BA9FF4500220BD3 /* Build configuration list for PBXProject "VkTestMarket2024" */;
			compatibilityVersion = "Xcode 14.0";
			developmentRegion = en;
			hasScannedForEncodings = 0;
			knownRegions = (
				en,
				Base,
			);
			mainGroup = FE9DFFDD2BA9FF4500220BD3;
			productRefGroup = FE9DFFE72BA9FF4500220BD3 /* Products */;
			projectDirPath = "";
			projectRoot = "";
			targets = (
				FE9DFFE52BA9FF4500220BD3 /* VkTestMarket2024 */,
			);
		};
/* End PBXProject section */

/* Begin PBXResourcesBuildPhase section */
		FE9DFFE42BA9FF4500220BD3 /* Resources */ = {
			isa = PBXResourcesBuildPhase;
			buildActionMask = 2147483647;
			files = (
				FE9D00192BAA0FB100220BD3 /* LaunchScreen.storyboard in Resources */,
				FE9D001F2BAA264700220BD3 /* blue-wind-16544.svg in Resources */,
				FE9DFFF32BA9FF4600220BD3 /* Assets.xcassets in Resources */,
				FE9D001D2BAA260400220BD3 /* blue-thermometer-and-cold-16548.svg in Resources */,
				FE9D00172BAA0FA700220BD3 /* Main.storyboard in Resources */,
				FE9D00212BAA26C200220BD3 /* cloud_outline_24.svg in Resources */,
			);
			runOnlyForDeploymentPostprocessing = 0;
		};
/* End PBXResourcesBuildPhase section */

/* Begin PBXSourcesBuildPhase section */
		FE9DFFE22BA9FF4500220BD3 /* Sources */ = {
			isa = PBXSourcesBuildPhase;
			buildActionMask = 2147483647;
			files = (
				FE9DFFEE2BA9FF4500220BD3 /* WeatherAtUsersLocationController.swift in Sources */,
				FE9DFFFE2BAA039500220BD3 /* TabBarController.swift in Sources */,
				FE9DFFEA2BA9FF4500220BD3 /* AppDelegate.swift in Sources */,
				FE9D00002BAA088C00220BD3 /* FindWeatherController.swift in Sources */,
				FE9D001B2BAA24A100220BD3 /* CurrentWeatherView.swift in Sources */,
				FE9DFFEC2BA9FF4500220BD3 /* SceneDelegate.swift in Sources */,
			);
			runOnlyForDeploymentPostprocessing = 0;
		};
/* End PBXSourcesBuildPhase section */

/* Begin XCBuildConfiguration section */
		FE9DFFF82BA9FF4600220BD3 /* Debug */ = {
			isa = XCBuildConfiguration;
			buildSettings = {
				ALWAYS_SEARCH_USER_PATHS = NO;
				ASSETCATALOG_COMPILER_GENERATE_SWIFT_ASSET_SYMBOL_EXTENSIONS = YES;
				CLANG_ANALYZER_NONNULL = YES;
				CLANG_ANALYZER_NUMBER_OBJECT_CONVERSION = YES_AGGRESSIVE;
				CLANG_CXX_LANGUAGE_STANDARD = "gnu++20";
				CLANG_ENABLE_MODULES = YES;
				CLANG_ENABLE_OBJC_ARC = YES;
				CLANG_ENABLE_OBJC_WEAK = YES;
				CLANG_WARN_BLOCK_CAPTURE_AUTORELEASING = YES;
				CLANG_WARN_BOOL_CONVERSION = YES;
				CLANG_WARN_COMMA = YES;
				CLANG_WARN_CONSTANT_CONVERSION = YES;
				CLANG_WARN_DEPRECATED_OBJC_IMPLEMENTATIONS = YES;
				CLANG_WARN_DIRECT_OBJC_ISA_USAGE = YES_ERROR;
				CLANG_WARN_DOCUMENTATION_COMMENTS = YES;
				CLANG_WARN_EMPTY_BODY = YES;
				CLANG_WARN_ENUM_CONVERSION = YES;
				CLANG_WARN_INFINITE_RECURSION = YES;
				CLANG_WARN_INT_CONVERSION = YES;
				CLANG_WARN_NON_LITERAL_NULL_CONVERSION = YES;
				CLANG_WARN_OBJC_IMPLICIT_RETAIN_SELF = YES;
				CLANG_WARN_OBJC_LITERAL_CONVERSION = YES;
				CLANG_WARN_OBJC_ROOT_CLASS = YES_ERROR;
				CLANG_WARN_QUOTED_INCLUDE_IN_FRAMEWORK_HEADER = YES;
				CLANG_WARN_RANGE_LOOP_ANALYSIS = YES;
				CLANG_WARN_STRICT_PROTOTYPES = YES;
				CLANG_WARN_SUSPICIOUS_MOVE = YES;
				CLANG_WARN_UNGUARDED_AVAILABILITY = YES_AGGRESSIVE;
				CLANG_WARN_UNREACHABLE_CODE = YES;
				CLANG_WARN__DUPLICATE_METHOD_MATCH = YES;
				COPY_PHASE_STRIP = NO;
				DEBUG_INFORMATION_FORMAT = dwarf;
				ENABLE_STRICT_OBJC_MSGSEND = YES;
				ENABLE_TESTABILITY = YES;
				ENABLE_USER_SCRIPT_SANDBOXING = YES;
				GCC_C_LANGUAGE_STANDARD = gnu17;
				GCC_DYNAMIC_NO_PIC = NO;
				GCC_NO_COMMON_BLOCKS = YES;
				GCC_OPTIMIZATION_LEVEL = 0;
				GCC_PREPROCESSOR_DEFINITIONS = (
					"DEBUG=1",
					"$(inherited)",
				);
				GCC_WARN_64_TO_32_BIT_CONVERSION = YES;
				GCC_WARN_ABOUT_RETURN_TYPE = YES_ERROR;
				GCC_WARN_UNDECLARED_SELECTOR = YES;
				GCC_WARN_UNINITIALIZED_AUTOS = YES_AGGRESSIVE;
				GCC_WARN_UNUSED_FUNCTION = YES;
				GCC_WARN_UNUSED_VARIABLE = YES;
				IPHONEOS_DEPLOYMENT_TARGET = 17.4;
				LOCALIZATION_PREFERS_STRING_CATALOGS = YES;
				MTL_ENABLE_DEBUG_INFO = INCLUDE_SOURCE;
				MTL_FAST_MATH = YES;
				ONLY_ACTIVE_ARCH = YES;
				SDKROOT = iphoneos;
				SWIFT_ACTIVE_COMPILATION_CONDITIONS = "DEBUG $(inherited)";
				SWIFT_OPTIMIZATION_LEVEL = "-Onone";
			};
			name = Debug;
		};
		FE9DFFF92BA9FF4600220BD3 /* Release */ = {
			isa = XCBuildConfiguration;
			buildSettings = {
				ALWAYS_SEARCH_USER_PATHS = NO;
				ASSETCATALOG_COMPILER_GENERATE_SWIFT_ASSET_SYMBOL_EXTENSIONS = YES;
				CLANG_ANALYZER_NONNULL = YES;
				CLANG_ANALYZER_NUMBER_OBJECT_CONVERSION = YES_AGGRESSIVE;
				CLANG_CXX_LANGUAGE_STANDARD = "gnu++20";
				CLANG_ENABLE_MODULES = YES;
				CLANG_ENABLE_OBJC_ARC = YES;
				CLANG_ENABLE_OBJC_WEAK = YES;
				CLANG_WARN_BLOCK_CAPTURE_AUTORELEASING = YES;
				CLANG_WARN_BOOL_CONVERSION = YES;
				CLANG_WARN_COMMA = YES;
				CLANG_WARN_CONSTANT_CONVERSION = YES;
				CLANG_WARN_DEPRECATED_OBJC_IMPLEMENTATIONS = YES;
				CLANG_WARN_DIRECT_OBJC_ISA_USAGE = YES_ERROR;
				CLANG_WARN_DOCUMENTATION_COMMENTS = YES;
				CLANG_WARN_EMPTY_BODY = YES;
				CLANG_WARN_ENUM_CONVERSION = YES;
				CLANG_WARN_INFINITE_RECURSION = YES;
				CLANG_WARN_INT_CONVERSION = YES;
				CLANG_WARN_NON_LITERAL_NULL_CONVERSION = YES;
				CLANG_WARN_OBJC_IMPLICIT_RETAIN_SELF = YES;
				CLANG_WARN_OBJC_LITERAL_CONVERSION = YES;
				CLANG_WARN_OBJC_ROOT_CLASS = YES_ERROR;
				CLANG_WARN_QUOTED_INCLUDE_IN_FRAMEWORK_HEADER = YES;
				CLANG_WARN_RANGE_LOOP_ANALYSIS = YES;
				CLANG_WARN_STRICT_PROTOTYPES = YES;
				CLANG_WARN_SUSPICIOUS_MOVE = YES;
				CLANG_WARN_UNGUARDED_AVAILABILITY = YES_AGGRESSIVE;
				CLANG_WARN_UNREACHABLE_CODE = YES;
				CLANG_WARN__DUPLICATE_METHOD_MATCH = YES;
				COPY_PHASE_STRIP = NO;
				DEBUG_INFORMATION_FORMAT = "dwarf-with-dsym";
				ENABLE_NS_ASSERTIONS = NO;
				ENABLE_STRICT_OBJC_MSGSEND = YES;
				ENABLE_USER_SCRIPT_SANDBOXING = YES;
				GCC_C_LANGUAGE_STANDARD = gnu17;
				GCC_NO_COMMON_BLOCKS = YES;
				GCC_WARN_64_TO_32_BIT_CONVERSION = YES;
				GCC_WARN_ABOUT_RETURN_TYPE = YES_ERROR;
				GCC_WARN_UNDECLARED_SELECTOR = YES;
				GCC_WARN_UNINITIALIZED_AUTOS = YES_AGGRESSIVE;
				GCC_WARN_UNUSED_FUNCTION = YES;
				GCC_WARN_UNUSED_VARIABLE = YES;
				IPHONEOS_DEPLOYMENT_TARGET = 17.4;
				LOCALIZATION_PREFERS_STRING_CATALOGS = YES;
				MTL_ENABLE_DEBUG_INFO = NO;
				MTL_FAST_MATH = YES;
				SDKROOT = iphoneos;
				SWIFT_COMPILATION_MODE = wholemodule;
				VALIDATE_PRODUCT = YES;
			};
			name = Release;
		};
		FE9DFFFB2BA9FF4600220BD3 /* Debug */ = {
			isa = XCBuildConfiguration;
			buildSettings = {
				ASSETCATALOG_COMPILER_APPICON_NAME = AppIcon;
				ASSETCATALOG_COMPILER_GLOBAL_ACCENT_COLOR_NAME = AccentColor;
				CODE_SIGN_STYLE = Automatic;
				CURRENT_PROJECT_VERSION = 1;
				DEVELOPMENT_TEAM = 8F6F8BX2UB;
				GENERATE_INFOPLIST_FILE = YES;
				INFOPLIST_FILE = VkTestMarket2024/Info.plist;
				INFOPLIST_KEY_UIApplicationSupportsIndirectInputEvents = YES;
				INFOPLIST_KEY_UILaunchStoryboardName = LaunchScreen;
				INFOPLIST_KEY_UIMainStoryboardFile = Main;
				INFOPLIST_KEY_UISupportedInterfaceOrientations_iPad = "UIInterfaceOrientationPortrait UIInterfaceOrientationPortraitUpsideDown UIInterfaceOrientationLandscapeLeft UIInterfaceOrientationLandscapeRight";
				INFOPLIST_KEY_UISupportedInterfaceOrientations_iPhone = "UIInterfaceOrientationPortrait UIInterfaceOrientationLandscapeLeft UIInterfaceOrientationLandscapeRight";
				IPHONEOS_DEPLOYMENT_TARGET = 15.5;
				LD_RUNPATH_SEARCH_PATHS = (
					"$(inherited)",
					"@executable_path/Frameworks",
				);
				MARKETING_VERSION = 1.0;
				PRODUCT_BUNDLE_IDENTIFIER = TestApp.VkTestMarket2024;
				PRODUCT_NAME = "$(TARGET_NAME)";
				SWIFT_EMIT_LOC_STRINGS = YES;
				SWIFT_VERSION = 5.0;
				TARGETED_DEVICE_FAMILY = "1,2";
			};
			name = Debug;
		};
		FE9DFFFC2BA9FF4600220BD3 /* Release */ = {
			isa = XCBuildConfiguration;
			buildSettings = {
				ASSETCATALOG_COMPILER_APPICON_NAME = AppIcon;
				ASSETCATALOG_COMPILER_GLOBAL_ACCENT_COLOR_NAME = AccentColor;
				CODE_SIGN_STYLE = Automatic;
				CURRENT_PROJECT_VERSION = 1;
				DEVELOPMENT_TEAM = 8F6F8BX2UB;
				GENERATE_INFOPLIST_FILE = YES;
				INFOPLIST_FILE = VkTestMarket2024/Info.plist;
				INFOPLIST_KEY_UIApplicationSupportsIndirectInputEvents = YES;
				INFOPLIST_KEY_UILaunchStoryboardName = LaunchScreen;
				INFOPLIST_KEY_UIMainStoryboardFile = Main;
				INFOPLIST_KEY_UISupportedInterfaceOrientations_iPad = "UIInterfaceOrientationPortrait UIInterfaceOrientationPortraitUpsideDown UIInterfaceOrientationLandscapeLeft UIInterfaceOrientationLandscapeRight";
				INFOPLIST_KEY_UISupportedInterfaceOrientations_iPhone = "UIInterfaceOrientationPortrait UIInterfaceOrientationLandscapeLeft UIInterfaceOrientationLandscapeRight";
				IPHONEOS_DEPLOYMENT_TARGET = 15.5;
				LD_RUNPATH_SEARCH_PATHS = (
					"$(inherited)",
					"@executable_path/Frameworks",
				);
				MARKETING_VERSION = 1.0;
				PRODUCT_BUNDLE_IDENTIFIER = TestApp.VkTestMarket2024;
				PRODUCT_NAME = "$(TARGET_NAME)";
				SWIFT_EMIT_LOC_STRINGS = YES;
				SWIFT_VERSION = 5.0;
				TARGETED_DEVICE_FAMILY = "1,2";
			};
			name = Release;
		};
/* End XCBuildConfiguration section */

/* Begin XCConfigurationList section */
		FE9DFFE12BA9FF4500220BD3 /* Build configuration list for PBXProject "VkTestMarket2024" */ = {
			isa = XCConfigurationList;
			buildConfigurations = (
				FE9DFFF82BA9FF4600220BD3 /* Debug */,
				FE9DFFF92BA9FF4600220BD3 /* Release */,
			);
			defaultConfigurationIsVisible = 0;
			defaultConfigurationName = Release;
		};
		FE9DFFFA2BA9FF4600220BD3 /* Build configuration list for PBXNativeTarget "VkTestMarket2024" */ = {
			isa = XCConfigurationList;
			buildConfigurations = (
				FE9DFFFB2BA9FF4600220BD3 /* Debug */,
				FE9DFFFC2BA9FF4600220BD3 /* Release */,
			);
			defaultConfigurationIsVisible = 0;
			defaultConfigurationName = Release;
		};
/* End XCConfigurationList section */
	};
	rootObject = FE9DFFDE2BA9FF4500220BD3 /* Project object */;
}
